
Microsoft Visual Studio Solution File, Format Version 12.00
# Visual Studio Version 16
VisualStudioVersion = 16.0.31205.134
MinimumVisualStudioVersion = 10.0.40219.1
Project("{FAE04EC0-301F-11D3-BF4B-00C04F79EFBC}") = "Restaurant", "Restaurant\Restaurant.csproj", "{2137BE19-EA17-4057-8EBD-118B3B877821}"
EndProject
Global
	GlobalSection(SolutionConfigurationPlatforms) = preSolution
		Debug|Any CPU = Debug|Any CPU
		Release|Any CPU = Release|Any CPU
	EndGlobalSection
	GlobalSection(ProjectConfigurationPlatforms) = postSolution
		{2137BE19-EA17-4057-8EBD-118B3B877821}.Debug|Any CPU.ActiveCfg = Debug|Any CPU
		{2137BE19-EA17-4057-8EBD-118B3B877821}.Debug|Any CPU.Build.0 = Debug|Any CPU
		{2137BE19-EA17-4057-8EBD-118B3B877821}.Release|Any CPU.ActiveCfg = Release|Any CPU
		{2137BE19-EA17-4057-8EBD-118B3B877821}.Release|Any CPU.Build.0 = Release|Any CPU
	EndGlobalSection
	GlobalSection(SolutionProperties) = preSolution
		HideSolutionNode = FALSE
	EndGlobalSection
	GlobalSection(ExtensibilityGlobals) = postSolution
		SolutionGuid = {2A63EC68-F219-4B8B-8F43-99C0624ADE87}
	EndGlobalSection
EndGlobal
